
Microsoft Visual Studio Solution File, Format Version 12.00
# Visual Studio 15
VisualStudioVersion = 15.0.27004.2006
MinimumVisualStudioVersion = 10.0.40219.1
Project("{FAE04EC0-301F-11D3-BF4B-00C04F79EFBC}") = "FrontEndExam", "FrontEndExam\FrontEndExam.csproj", "{66357E04-20A6-4600-9B61-45C32DB020F1}"
EndProject
Global
	GlobalSection(SolutionConfigurationPlatforms) = preSolution
		Debug|Any CPU = Debug|Any CPU
		Release|Any CPU = Release|Any CPU
	EndGlobalSection
	GlobalSection(ProjectConfigurationPlatforms) = postSolution
		{66357E04-20A6-4600-9B61-45C32DB020F1}.Debug|Any CPU.ActiveCfg = Debug|Any CPU
		{66357E04-20A6-4600-9B61-45C32DB020F1}.Debug|Any CPU.Build.0 = Debug|Any CPU
		{66357E04-20A6-4600-9B61-45C32DB020F1}.Release|Any CPU.ActiveCfg = Release|Any CPU
		{66357E04-20A6-4600-9B61-45C32DB020F1}.Release|Any CPU.Build.0 = Release|Any CPU
	EndGlobalSection
	GlobalSection(SolutionProperties) = preSolution
		HideSolutionNode = FALSE
	EndGlobalSection
	GlobalSection(ExtensibilityGlobals) = postSolution
		SolutionGuid = {02650E33-021A-48DA-94AB-52F20AFBC390}
	EndGlobalSection
EndGlobal
